
Microsoft Visual Studio Solution File, Format Version 12.00
# Visual Studio 15
VisualStudioVersion = 15.0.26730.16
MinimumVisualStudioVersion = 10.0.40219.1
Project("{FAE04EC0-301F-11D3-BF4B-00C04F79EFBC}") = "RecipeArchive", "RecipeArchive\RecipeArchive.csproj", "{702B96B5-F5D8-445C-8B0E-A6000B974CB9}"
EndProject
Global
	GlobalSection(SolutionConfigurationPlatforms) = preSolution
		Debug|Any CPU = Debug|Any CPU
		Release|Any CPU = Release|Any CPU
	EndGlobalSection
	GlobalSection(ProjectConfigurationPlatforms) = postSolution
		{702B96B5-F5D8-445C-8B0E-A6000B974CB9}.Debug|Any CPU.ActiveCfg = Debug|Any CPU
		{702B96B5-F5D8-445C-8B0E-A6000B974CB9}.Debug|Any CPU.Build.0 = Debug|Any CPU
		{702B96B5-F5D8-445C-8B0E-A6000B974CB9}.Release|Any CPU.ActiveCfg = Release|Any CPU
		{702B96B5-F5D8-445C-8B0E-A6000B974CB9}.Release|Any CPU.Build.0 = Release|Any CPU
	EndGlobalSection
	GlobalSection(SolutionProperties) = preSolution
		HideSolutionNode = FALSE
	EndGlobalSection
	GlobalSection(ExtensibilityGlobals) = postSolution
		SolutionGuid = {2374E4FD-509C-4C12-945E-1C9DF90AAC81}
	EndGlobalSection
EndGlobal
